{
  "requires": true,
  "lockfileVersion": 1,
  "dependencies": {
    "@react-leaflet/core": {
      "version": "1.1.1",
      "resolved": "https://registry.npmjs.org/@react-leaflet/core/-/core-1.1.1.tgz",
      "integrity": "sha512-7PGLWa9MZ5x/cWy8EH2VzI4T8q5WpuHbixzCDXqixP/WyqwIrg5NDUPgYuFnB4IEIZF+6nA265mYzswFo/h1Pw=="
    },
    "@types/geojson": {
      "version": "7946.0.8",
      "resolved": "https://registry.npmjs.org/@types/geojson/-/geojson-7946.0.8.tgz",
      "integrity": "sha512-1rkryxURpr6aWP7R786/UQOkJ3PcpQiWkAXBmdWc7ryFWqN6a4xfK7BtjXvFBKO9LjQ+MWQSWxYeZX1OApnArA=="
    },
    "@types/leaflet": {
      "version": "1.7.9",
      "resolved": "https://registry.npmjs.org/@types/leaflet/-/leaflet-1.7.9.tgz",
      "integrity": "sha512-H8vPgD49HKzqM41ArHGZM70g/tfhp8W+JcPxfnF+5H/Xvp+xiP+KQOUNWU8U89fqS1Jj3cpRY/+nbnaHFzwnFA==",
      "requires": {
        "@types/geojson": "*"
      }
    },
    "classnames": {
      "version": "2.3.1",
      "resolved": "https://registry.npmjs.org/classnames/-/classnames-2.3.1.tgz",
      "integrity": "sha512-OlQdbZ7gLfGarSqxesMesDa5uz7KFbID8Kpq/SxIoNGDqY8lSYs0D+hhtBXhcdB3rcbXArFr7vlHheLk1voeNA=="
    },
    "leaflet": {
      "version": "1.7.1",
      "resolved": "https://registry.npmjs.org/leaflet/-/leaflet-1.7.1.tgz",
      "integrity": "sha512-/xwPEBidtg69Q3HlqPdU3DnrXQOvQU/CCHA1tcDQVzOwm91YMYaILjNp7L4Eaw5Z4sOYdbBz6koWyibppd8Zqw=="
    }
  }
}
